// !$*UTF8*$!
{
	archiveVersion = 1;
	classes = {
	};
	objectVersion = 46;
	objects = {

/* Begin PBXBuildFile section */
		37D4757D1EF497C000822245 /* AppDelegate.swift in Sources */ = {isa = PBXBuildFile; fileRef = 37D4757C1EF497C000822245 /* AppDelegate.swift */; };
		37D475821EF497C000822245 /* Main.storyboard in Resources */ = {isa = PBXBuildFile; fileRef = 37D475801EF497C000822245 /* Main.storyboard */; };
		37D475841EF497C000822245 /* Assets.xcassets in Resources */ = {isa = PBXBuildFile; fileRef = 37D475831EF497C000822245 /* Assets.xcassets */; };
		37D475871EF497C000822245 /* LaunchScreen.storyboard in Resources */ = {isa = PBXBuildFile; fileRef = 37D475851EF497C000822245 /* LaunchScreen.storyboard */; };
		37D4758F1EF497FE00822245 /* SwipeCellKit.framework in Frameworks */ = {isa = PBXBuildFile; fileRef = 37D4758E1EF497FE00822245 /* SwipeCellKit.framework */; };
		37D475901EF497FE00822245 /* SwipeCellKit.framework in Embed Frameworks */ = {isa = PBXBuildFile; fileRef = 37D4758E1EF497FE00822245 /* SwipeCellKit.framework */; settings = {ATTRIBUTES = (CodeSignOnCopy, RemoveHeadersOnCopy, ); }; };
		37D475931EF4A79A00822245 /* Car.swift in Sources */ = {isa = PBXBuildFile; fileRef = 37D475921EF4A79A00822245 /* Car.swift */; };
		37D475971EF4D5CB00822245 /* CarData.swift in Sources */ = {isa = PBXBuildFile; fileRef = 37D475961EF4D5CB00822245 /* CarData.swift */; };
		37D475991EF4D69C00822245 /* CarTableViewController.swift in Sources */ = {isa = PBXBuildFile; fileRef = 37D475981EF4D69C00822245 /* CarTableViewController.swift */; };
		37D4759B1EF567BB00822245 /* InformationViewController.swift in Sources */ = {isa = PBXBuildFile; fileRef = 37D4759A1EF567BB00822245 /* InformationViewController.swift */; };
/* End PBXBuildFile section */

/* Begin PBXCopyFilesBuildPhase section */
		37D475911EF497FE00822245 /* Embed Frameworks */ = {
			isa = PBXCopyFilesBuildPhase;
			buildActionMask = 2147483647;
			dstPath = "";
			dstSubfolderSpec = 10;
			files = (
				37D475901EF497FE00822245 /* SwipeCellKit.framework in Embed Frameworks */,
			);
			name = "Embed Frameworks";
			runOnlyForDeploymentPostprocessing = 0;
		};
/* End PBXCopyFilesBuildPhase section */

/* Begin PBXFileReference section */
		37D475791EF497C000822245 /* AdaptivePresentationExercise.app */ = {isa = PBXFileReference; explicitFileType = wrapper.application; includeInIndex = 0; path = AdaptivePresentationExercise.app; sourceTree = BUILT_PRODUCTS_DIR; };
		37D4757C1EF497C000822245 /* AppDelegate.swift */ = {isa = PBXFileReference; lastKnownFileType = sourcecode.swift; path = AppDelegate.swift; sourceTree = "<group>"; };
		37D475811EF497C000822245 /* Base */ = {isa = PBXFileReference; lastKnownFileType = file.storyboard; name = Base; path = Base.lproj/Main.storyboard; sourceTree = "<group>"; };
		37D475831EF497C000822245 /* Assets.xcassets */ = {isa = PBXFileReference; lastKnownFileType = folder.assetcatalog; path = Assets.xcassets; sourceTree = "<group>"; };
		37D475861EF497C000822245 /* Base */ = {isa = PBXFileReference; lastKnownFileType = file.storyboard; name = Base; path = Base.lproj/LaunchScreen.storyboard; sourceTree = "<group>"; };
		37D475881EF497C000822245 /* Info.plist */ = {isa = PBXFileReference; lastKnownFileType = text.plist.xml; path = Info.plist; sourceTree = "<group>"; };
		37D4758E1EF497FE00822245 /* SwipeCellKit.framework */ = {isa = PBXFileReference; lastKnownFileType = wrapper.framework; path = SwipeCellKit.framework; sourceTree = "<group>"; };
		37D475921EF4A79A00822245 /* Car.swift */ = {isa = PBXFileReference; fileEncoding = 4; lastKnownFileType = sourcecode.swift; path = Car.swift; sourceTree = "<group>"; };
		37D475961EF4D5CB00822245 /* CarData.swift */ = {isa = PBXFileReference; fileEncoding = 4; lastKnownFileType = sourcecode.swift; path = CarData.swift; sourceTree = "<group>"; };
		37D475981EF4D69C00822245 /* CarTableViewController.swift */ = {isa = PBXFileReference; fileEncoding = 4; lastKnownFileType = sourcecode.swift; path = CarTableViewController.swift; sourceTree = "<group>"; };
		37D4759A1EF567BB00822245 /* InformationViewController.swift */ = {isa = PBXFileReference; fileEncoding = 4; lastKnownFileType = sourcecode.swift; path = InformationViewController.swift; sourceTree = "<group>"; };
/* End PBXFileReference section */

/* Begin PBXFrameworksBuildPhase section */
		37D475761EF497C000822245 /* Frameworks */ = {
			isa = PBXFrameworksBuildPhase;
			buildActionMask = 2147483647;
			files = (
				37D4758F1EF497FE00822245 /* SwipeCellKit.framework in Frameworks */,
			);
			runOnlyForDeploymentPostprocessing = 0;
		};
/* End PBXFrameworksBuildPhase section */

/* Begin PBXGroup section */
		37D475701EF497C000822245 = {
			isa = PBXGroup;
			children = (
				37D4758E1EF497FE00822245 /* SwipeCellKit.framework */,
				37D4757B1EF497C000822245 /* AdaptivePresentationExercise */,
				37D4757A1EF497C000822245 /* Products */,
			);
			sourceTree = "<group>";
		};
		37D4757A1EF497C000822245 /* Products */ = {
			isa = PBXGroup;
			children = (
				37D475791EF497C000822245 /* AdaptivePresentationExercise.app */,
			);
			name = Products;
			sourceTree = "<group>";
		};
		37D4757B1EF497C000822245 /* AdaptivePresentationExercise */ = {
			isa = PBXGroup;
			children = (
				37D4757C1EF497C000822245 /* AppDelegate.swift */,
				37D475801EF497C000822245 /* Main.storyboard */,
				37D475831EF497C000822245 /* Assets.xcassets */,
				37D475851EF497C000822245 /* LaunchScreen.storyboard */,
				37D475881EF497C000822245 /* Info.plist */,
				37D475921EF4A79A00822245 /* Car.swift */,
				37D475961EF4D5CB00822245 /* CarData.swift */,
				37D475981EF4D69C00822245 /* CarTableViewController.swift */,
				37D4759A1EF567BB00822245 /* InformationViewController.swift */,
			);
			path = AdaptivePresentationExercise;
			sourceTree = "<group>";
		};
/* End PBXGroup section */

/* Begin PBXNativeTarget section */
		37D475781EF497C000822245 /* AdaptivePresentationExercise */ = {
			isa = PBXNativeTarget;
			buildConfigurationList = 37D4758B1EF497C000822245 /* Build configuration list for PBXNativeTarget "AdaptivePresentationExercise" */;
			buildPhases = (
				37D475751EF497C000822245 /* Sources */,
				37D475761EF497C000822245 /* Frameworks */,
				37D475771EF497C000822245 /* Resources */,
				37D475911EF497FE00822245 /* Embed Frameworks */,
			);
			buildRules = (
			);
			dependencies = (
			);
			name = AdaptivePresentationExercise;
			productName = AdaptivePresentationExercise;
			productReference = 37D475791EF497C000822245 /* AdaptivePresentationExercise.app */;
			productType = "com.apple.product-type.application";
		};
/* End PBXNativeTarget section */

/* Begin PBXProject section */
		37D475711EF497C000822245 /* Project object */ = {
			isa = PBXProject;
			attributes = {
				LastSwiftUpdateCheck = 0830;
				LastUpgradeCheck = 0830;
				ORGANIZATIONNAME = iShinobi;
				TargetAttributes = {
					37D475781EF497C000822245 = {
						CreatedOnToolsVersion = 8.3.3;
						DevelopmentTeam = WZFHSP6QD4;
						ProvisioningStyle = Automatic;
					};
				};
			};
			buildConfigurationList = 37D475741EF497C000822245 /* Build configuration list for PBXProject "AdaptivePresentationExercise" */;
			compatibilityVersion = "Xcode 3.2";
			developmentRegion = English;
			hasScannedForEncodings = 0;
			knownRegions = (
				en,
				Base,
			);
			mainGroup = 37D475701EF497C000822245;
			productRefGroup = 37D4757A1EF497C000822245 /* Products */;
			projectDirPath = "";
			projectRoot = "";
			targets = (
				37D475781EF497C000822245 /* AdaptivePresentationExercise */,
			);
		};
/* End PBXProject section */

/* Begin PBXResourcesBuildPhase section */
		37D475771EF497C000822245 /* Resources */ = {
			isa = PBXResourcesBuildPhase;
			buildActionMask = 2147483647;
			files = (
				37D475871EF497C000822245 /* LaunchScreen.storyboard in Resources */,
				37D475841EF497C000822245 /* Assets.xcassets in Resources */,
				37D475821EF497C000822245 /* Main.storyboard in Resources */,
			);
			runOnlyForDeploymentPostprocessing = 0;
		};
/* End PBXResourcesBuildPhase section */

/* Begin PBXSourcesBuildPhase section */
		37D475751EF497C000822245 /* Sources */ = {
			isa = PBXSourcesBuildPhase;
			buildActionMask = 2147483647;
			files = (
				37D475991EF4D69C00822245 /* CarTableViewController.swift in Sources */,
				37D475971EF4D5CB00822245 /* CarData.swift in Sources */,
				37D4757D1EF497C000822245 /* AppDelegate.swift in Sources */,
				37D475931EF4A79A00822245 /* Car.swift in Sources */,
				37D4759B1EF567BB00822245 /* InformationViewController.swift in Sources */,
			);
			runOnlyForDeploymentPostprocessing = 0;
		};
/* End PBXSourcesBuildPhase section */

/* Begin PBXVariantGroup section */
		37D475801EF497C000822245 /* Main.storyboard */ = {
			isa = PBXVariantGroup;
			children = (
				37D475811EF497C000822245 /* Base */,
			);
			name = Main.storyboard;
			sourceTree = "<group>";
		};
		37D475851EF497C000822245 /* LaunchScreen.storyboard */ = {
			isa = PBXVariantGroup;
			children = (
				37D475861EF497C000822245 /* Base */,
			);
			name = LaunchScreen.storyboard;
			sourceTree = "<group>";
		};
/* End PBXVariantGroup section */

/* Begin XCBuildConfiguration section */
		37D475891EF497C000822245 /* Debug */ = {
			isa = XCBuildConfiguration;
			buildSettings = {
				ALWAYS_SEARCH_USER_PATHS = NO;
				CLANG_ANALYZER_NONNULL = YES;
				CLANG_ANALYZER_NUMBER_OBJECT_CONVERSION = YES_AGGRESSIVE;
				CLANG_CXX_LANGUAGE_STANDARD = "gnu++0x";
				CLANG_CXX_LIBRARY = "libc++";
				CLANG_ENABLE_MODULES = YES;
				CLANG_ENABLE_OBJC_ARC = YES;
				CLANG_WARN_BOOL_CONVERSION = YES;
				CLANG_WARN_CONSTANT_CONVERSION = YES;
				CLANG_WARN_DIRECT_OBJC_ISA_USAGE = YES_ERROR;
				CLANG_WARN_DOCUMENTATION_COMMENTS = YES;
				CLANG_WARN_EMPTY_BODY = YES;
				CLANG_WARN_ENUM_CONVERSION = YES;
				CLANG_WARN_INFINITE_RECURSION = YES;
				CLANG_WARN_INT_CONVERSION = YES;
				CLANG_WARN_OBJC_ROOT_CLASS = YES_ERROR;
				CLANG_WARN_SUSPICIOUS_MOVE = YES;
				CLANG_WARN_UNREACHABLE_CODE = YES;
				CLANG_WARN__DUPLICATE_METHOD_MATCH = YES;
				"CODE_SIGN_IDENTITY[sdk=iphoneos*]" = "iPhone Developer";
				COPY_PHASE_STRIP = NO;
				DEBUG_INFORMATION_FORMAT = dwarf;
				ENABLE_STRICT_OBJC_MSGSEND = YES;
				ENABLE_TESTABILITY = YES;
				GCC_C_LANGUAGE_STANDARD = gnu99;
				GCC_DYNAMIC_NO_PIC = NO;
				GCC_NO_COMMON_BLOCKS = YES;
				GCC_OPTIMIZATION_LEVEL = 0;
				GCC_PREPROCESSOR_DEFINITIONS = (
					"DEBUG=1",
					"$(inherited)",
				);
				GCC_WARN_64_TO_32_BIT_CONVERSION = YES;
				GCC_WARN_ABOUT_RETURN_TYPE = YES_ERROR;
				GCC_WARN_UNDECLARED_SELECTOR = YES;
				GCC_WARN_UNINITIALIZED_AUTOS = YES_AGGRESSIVE;
				GCC_WARN_UNUSED_FUNCTION = YES;
				GCC_WARN_UNUSED_VARIABLE = YES;
				IPHONEOS_DEPLOYMENT_TARGET = 10.3;
				MTL_ENABLE_DEBUG_INFO = YES;
				ONLY_ACTIVE_ARCH = YES;
				SDKROOT = iphoneos;
				SWIFT_ACTIVE_COMPILATION_CONDITIONS = DEBUG;
				SWIFT_OPTIMIZATION_LEVEL = "-Onone";
				TARGETED_DEVICE_FAMILY = "1,2";
			};
			name = Debug;
		};
		37D4758A1EF497C000822245 /* Release */ = {
			isa = XCBuildConfiguration;
			buildSettings = {
				ALWAYS_SEARCH_USER_PATHS = NO;
				CLANG_ANALYZER_NONNULL = YES;
				CLANG_ANALYZER_NUMBER_OBJECT_CONVERSION = YES_AGGRESSIVE;
				CLANG_CXX_LANGUAGE_STANDARD = "gnu++0x";
				CLANG_CXX_LIBRARY = "libc++";
				CLANG_ENABLE_MODULES = YES;
				CLANG_ENABLE_OBJC_ARC = YES;
				CLANG_WARN_BOOL_CONVERSION = YES;
				CLANG_WARN_CONSTANT_CONVERSION = YES;
				CLANG_WARN_DIRECT_OBJC_ISA_USAGE = YES_ERROR;
				CLANG_WARN_DOCUMENTATION_COMMENTS = YES;
				CLANG_WARN_EMPTY_BODY = YES;
				CLANG_WARN_ENUM_CONVERSION = YES;
				CLANG_WARN_INFINITE_RECURSION = YES;
				CLANG_WARN_INT_CONVERSION = YES;
				CLANG_WARN_OBJC_ROOT_CLASS = YES_ERROR;
				CLANG_WARN_SUSPICIOUS_MOVE = YES;
				CLANG_WARN_UNREACHABLE_CODE = YES;
				CLANG_WARN__DUPLICATE_METHOD_MATCH = YES;
				"CODE_SIGN_IDENTITY[sdk=iphoneos*]" = "iPhone Developer";
				COPY_PHASE_STRIP = NO;
				DEBUG_INFORMATION_FORMAT = "dwarf-with-dsym";
				ENABLE_NS_ASSERTIONS = NO;
				ENABLE_STRICT_OBJC_MSGSEND = YES;
				GCC_C_LANGUAGE_STANDARD = gnu99;
				GCC_NO_COMMON_BLOCKS = YES;
				GCC_WARN_64_TO_32_BIT_CONVERSION = YES;
				GCC_WARN_ABOUT_RETURN_TYPE = YES_ERROR;
				GCC_WARN_UNDECLARED_SELECTOR = YES;
				GCC_WARN_UNINITIALIZED_AUTOS = YES_AGGRESSIVE;
				GCC_WARN_UNUSED_FUNCTION = YES;
				GCC_WARN_UNUSED_VARIABLE = YES;
				IPHONEOS_DEPLOYMENT_TARGET = 10.3;
				MTL_ENABLE_DEBUG_INFO = NO;
				SDKROOT = iphoneos;
				SWIFT_OPTIMIZATION_LEVEL = "-Owholemodule";
				TARGETED_DEVICE_FAMILY = "1,2";
				VALIDATE_PRODUCT = YES;
			};
			name = Release;
		};
		37D4758C1EF497C000822245 /* Debug */ = {
			isa = XCBuildConfiguration;
			buildSettings = {
				ASSETCATALOG_COMPILER_APPICON_NAME = AppIcon;
				DEVELOPMENT_TEAM = WZFHSP6QD4;
				FRAMEWORK_SEARCH_PATHS = (
					"$(inherited)",
					"$(PROJECT_DIR)",
				);
				INFOPLIST_FILE = AdaptivePresentationExercise/Info.plist;
				LD_RUNPATH_SEARCH_PATHS = "$(inherited) @executable_path/Frameworks";
				PRODUCT_BUNDLE_IDENTIFIER = ninja.pragprog.careerfoundry.AdaptivePresentationExercise;
				PRODUCT_NAME = "$(TARGET_NAME)";
				SWIFT_VERSION = 3.0;
			};
			name = Debug;
		};
		37D4758D1EF497C000822245 /* Release */ = {
			isa = XCBuildConfiguration;
			buildSettings = {
				ASSETCATALOG_COMPILER_APPICON_NAME = AppIcon;
				DEVELOPMENT_TEAM = WZFHSP6QD4;
				FRAMEWORK_SEARCH_PATHS = (
					"$(inherited)",
					"$(PROJECT_DIR)",
				);
				INFOPLIST_FILE = AdaptivePresentationExercise/Info.plist;
				LD_RUNPATH_SEARCH_PATHS = "$(inherited) @executable_path/Frameworks";
				PRODUCT_BUNDLE_IDENTIFIER = ninja.pragprog.careerfoundry.AdaptivePresentationExercise;
				PRODUCT_NAME = "$(TARGET_NAME)";
				SWIFT_VERSION = 3.0;
			};
			name = Release;
		};
/* End XCBuildConfiguration section */

/* Begin XCConfigurationList section */
		37D475741EF497C000822245 /* Build configuration list for PBXProject "AdaptivePresentationExercise" */ = {
			isa = XCConfigurationList;
			buildConfigurations = (
				37D475891EF497C000822245 /* Debug */,
				37D4758A1EF497C000822245 /* Release */,
			);
			defaultConfigurationIsVisible = 0;
			defaultConfigurationName = Release;
		};
		37D4758B1EF497C000822245 /* Build configuration list for PBXNativeTarget "AdaptivePresentationExercise" */ = {
			isa = XCConfigurationList;
			buildConfigurations = (
				37D4758C1EF497C000822245 /* Debug */,
				37D4758D1EF497C000822245 /* Release */,
			);
			defaultConfigurationIsVisible = 0;
		};
/* End XCConfigurationList section */
	};
	rootObject = 37D475711EF497C000822245 /* Project object */;
}
